
Microsoft Visual Studio Solution File, Format Version 12.00
# Visual Studio Version 17
VisualStudioVersion = 17.14.36511.14
MinimumVisualStudioVersion = 10.0.40219.1
Project("{9A19103F-16F7-4668-BE54-9A1E7A4F7556}") = "ToxyFramework", "ToxyFramework\ToxyFramework.csproj", "{97715000-D1AD-4AC5-A97E-CBCBCCFC8292}"
EndProject
Project("{FAE04EC0-301F-11D3-BF4B-00C04F79EFBC}") = "Toxy.Test", "Toxy.Test\Toxy.Test.csproj", "{8ACAF1FF-EC18-48E2-A1B6-2AB328927383}"
EndProject
Global
	GlobalSection(SolutionConfigurationPlatforms) = preSolution
		Debug|Any CPU = Debug|Any CPU
		Release|Any CPU = Release|Any CPU
	EndGlobalSection
	GlobalSection(ProjectConfigurationPlatforms) = postSolution
		{97715000-D1AD-4AC5-A97E-CBCBCCFC8292}.Debug|Any CPU.ActiveCfg = Debug|Any CPU
		{97715000-D1AD-4AC5-A97E-CBCBCCFC8292}.Debug|Any CPU.Build.0 = Debug|Any CPU
		{97715000-D1AD-4AC5-A97E-CBCBCCFC8292}.Release|Any CPU.ActiveCfg = Release|Any CPU
		{97715000-D1AD-4AC5-A97E-CBCBCCFC8292}.Release|Any CPU.Build.0 = Release|Any CPU
		{8ACAF1FF-EC18-48E2-A1B6-2AB328927383}.Debug|Any CPU.ActiveCfg = Debug|Any CPU
		{8ACAF1FF-EC18-48E2-A1B6-2AB328927383}.Debug|Any CPU.Build.0 = Debug|Any CPU
		{8ACAF1FF-EC18-48E2-A1B6-2AB328927383}.Release|Any CPU.ActiveCfg = Release|Any CPU
		{8ACAF1FF-EC18-48E2-A1B6-2AB328927383}.Release|Any CPU.Build.0 = Release|Any CPU
	EndGlobalSection
	GlobalSection(SolutionProperties) = preSolution
		HideSolutionNode = FALSE
	EndGlobalSection
	GlobalSection(ExtensibilityGlobals) = postSolution
		SolutionGuid = {8920DF02-1F60-476D-BFD1-7EF901481CA8}
	EndGlobalSection
EndGlobal
