
Microsoft Visual Studio Solution File, Format Version 12.00
# Visual Studio 2013
VisualStudioVersion = 12.0.30501.0
MinimumVisualStudioVersion = 10.0.40219.1
Project("{FAE04EC0-301F-11D3-BF4B-00C04F79EFBC}") = "ToxyFramework_dotnet4", "ToxyFramework\ToxyFramework_dotnet4.csproj", "{CCB814A5-A750-4B96-AFD3-F7E4D868F231}"
EndProject
Project("{FAE04EC0-301F-11D3-BF4B-00C04F79EFBC}") = "Toxy.Test", "Toxy.Test\Toxy.Test.csproj", "{E16C30D3-D4EB-4608-A292-5BCFBE86F230}"
EndProject
Project("{FAE04EC0-301F-11D3-BF4B-00C04F79EFBC}") = "ConsoleApplicationTest", "ConsoleApplicationTest\ConsoleApplicationTest.csproj", "{53892258-313F-4269-8786-D95F45D5215C}"
EndProject
Global
	GlobalSection(SolutionConfigurationPlatforms) = preSolution
		Debug|Any CPU = Debug|Any CPU
		Release|Any CPU = Release|Any CPU
	EndGlobalSection
	GlobalSection(ProjectConfigurationPlatforms) = postSolution
		{CCB814A5-A750-4B96-AFD3-F7E4D868F231}.Debug|Any CPU.ActiveCfg = Debug|Any CPU
		{CCB814A5-A750-4B96-AFD3-F7E4D868F231}.Debug|Any CPU.Build.0 = Debug|Any CPU
		{CCB814A5-A750-4B96-AFD3-F7E4D868F231}.Release|Any CPU.ActiveCfg = Release|Any CPU
		{CCB814A5-A750-4B96-AFD3-F7E4D868F231}.Release|Any CPU.Build.0 = Release|Any CPU
		{E16C30D3-D4EB-4608-A292-5BCFBE86F230}.Debug|Any CPU.ActiveCfg = Debug|Any CPU
		{E16C30D3-D4EB-4608-A292-5BCFBE86F230}.Debug|Any CPU.Build.0 = Debug|Any CPU
		{E16C30D3-D4EB-4608-A292-5BCFBE86F230}.Release|Any CPU.ActiveCfg = Release|Any CPU
		{E16C30D3-D4EB-4608-A292-5BCFBE86F230}.Release|Any CPU.Build.0 = Release|Any CPU
		{53892258-313F-4269-8786-D95F45D5215C}.Debug|Any CPU.ActiveCfg = Debug|Any CPU
		{53892258-313F-4269-8786-D95F45D5215C}.Debug|Any CPU.Build.0 = Debug|Any CPU
		{53892258-313F-4269-8786-D95F45D5215C}.Release|Any CPU.ActiveCfg = Release|Any CPU
		{53892258-313F-4269-8786-D95F45D5215C}.Release|Any CPU.Build.0 = Release|Any CPU
	EndGlobalSection
	GlobalSection(SolutionProperties) = preSolution
		HideSolutionNode = FALSE
	EndGlobalSection
EndGlobal
