
Microsoft Visual Studio Solution File, Format Version 12.00
# Visual Studio 15
VisualStudioVersion = 15.0.28010.2016
MinimumVisualStudioVersion = 10.0.40219.1
Project("{9A19103F-16F7-4668-BE54-9A1E7A4F7556}") = "ToxyFramework_dotnetcore", "ToxyFramework\ToxyFramework_dotnetcore.csproj", "{CCB814A5-A750-4B96-AFD3-F7E4D868F231}"
EndProject
Project("{9A19103F-16F7-4668-BE54-9A1E7A4F7556}") = "dmach.Mail", "dmach.Mail\dmach.Mail.csproj", "{DAF00829-FA77-4850-976A-A602C3B0D23F}"
EndProject
Global
	GlobalSection(SolutionConfigurationPlatforms) = preSolution
		Debug|Any CPU = Debug|Any CPU
		Release|Any CPU = Release|Any CPU
	EndGlobalSection
	GlobalSection(ProjectConfigurationPlatforms) = postSolution
		{CCB814A5-A750-4B96-AFD3-F7E4D868F231}.Debug|Any CPU.ActiveCfg = Debug|Any CPU
		{CCB814A5-A750-4B96-AFD3-F7E4D868F231}.Debug|Any CPU.Build.0 = Debug|Any CPU
		{CCB814A5-A750-4B96-AFD3-F7E4D868F231}.Release|Any CPU.ActiveCfg = Release|Any CPU
		{CCB814A5-A750-4B96-AFD3-F7E4D868F231}.Release|Any CPU.Build.0 = Release|Any CPU
		{DAF00829-FA77-4850-976A-A602C3B0D23F}.Debug|Any CPU.ActiveCfg = Debug|Any CPU
		{DAF00829-FA77-4850-976A-A602C3B0D23F}.Debug|Any CPU.Build.0 = Debug|Any CPU
		{DAF00829-FA77-4850-976A-A602C3B0D23F}.Release|Any CPU.ActiveCfg = Release|Any CPU
		{DAF00829-FA77-4850-976A-A602C3B0D23F}.Release|Any CPU.Build.0 = Release|Any CPU
	EndGlobalSection
	GlobalSection(SolutionProperties) = preSolution
		HideSolutionNode = FALSE
	EndGlobalSection
	GlobalSection(ExtensibilityGlobals) = postSolution
		SolutionGuid = {F24E946D-C80C-443D-83E4-4414F4CFEF4E}
	EndGlobalSection
EndGlobal
